
Microsoft Visual Studio Solution File, Format Version 12.00
# Visual Studio Version 16
VisualStudioVersion = 16.0.29728.190
MinimumVisualStudioVersion = 10.0.40219.1
Project("{FAE04EC0-301F-11D3-BF4B-00C04F79EFBC}") = "pracrice№12", "pracrice№12\pracrice№12.csproj", "{8A63114E-8C80-4EB5-A0A8-9692B75EEC85}"
EndProject
Global
	GlobalSection(SolutionConfigurationPlatforms) = preSolution
		Debug|Any CPU = Debug|Any CPU
		Release|Any CPU = Release|Any CPU
	EndGlobalSection
	GlobalSection(ProjectConfigurationPlatforms) = postSolution
		{8A63114E-8C80-4EB5-A0A8-9692B75EEC85}.Debug|Any CPU.ActiveCfg = Debug|Any CPU
		{8A63114E-8C80-4EB5-A0A8-9692B75EEC85}.Debug|Any CPU.Build.0 = Debug|Any CPU
		{8A63114E-8C80-4EB5-A0A8-9692B75EEC85}.Release|Any CPU.ActiveCfg = Release|Any CPU
		{8A63114E-8C80-4EB5-A0A8-9692B75EEC85}.Release|Any CPU.Build.0 = Release|Any CPU
	EndGlobalSection
	GlobalSection(SolutionProperties) = preSolution
		HideSolutionNode = FALSE
	EndGlobalSection
	GlobalSection(ExtensibilityGlobals) = postSolution
		SolutionGuid = {3621FF79-FB91-4105-AB8E-2AB282AB7E5A}
	EndGlobalSection
EndGlobal
